
Microsoft Visual Studio Solution File, Format Version 12.00
# Visual Studio 15
VisualStudioVersion = 15.0.27130.2024
MinimumVisualStudioVersion = 10.0.40219.1
Project("{9A19103F-16F7-4668-BE54-9A1E7A4F7556}") = "ZipUploader.UI.Web.ControlPanel", "src\ZipUploader.UI.Web.ControlPanel\ZipUploader.UI.Web.ControlPanel.csproj", "{CE4ED040-BAD7-4EE7-A6D3-D092C23D0F64}"
EndProject
Project("{9A19103F-16F7-4668-BE54-9A1E7A4F7556}") = "ZipUploader.Domain", "src\ZipUploader.Domain\ZipUploader.Domain.csproj", "{F4DF6528-4E43-4A00-A2DD-C65A119CEFD7}"
EndProject
Project("{9A19103F-16F7-4668-BE54-9A1E7A4F7556}") = "ZipUploader.Data", "src\ZipUploader.Data\ZipUploader.Data.csproj", "{F9F247BD-1A02-4E9C-AEEF-F2FD55835274}"
EndProject
Project("{2150E333-8FDC-42A3-9474-1A3956D46DE8}") = "Tests", "Tests", "{4C7935AB-311B-4A5F-8D02-ED23863EFE23}"
EndProject
Project("{9A19103F-16F7-4668-BE54-9A1E7A4F7556}") = "ZipUploader.Tests", "tests\ZipUploader.Tests\ZipUploader.Tests.csproj", "{0B6E8AA5-B25F-4219-87C5-2D5F3E5B8A53}"
EndProject
Project("{9A19103F-16F7-4668-BE54-9A1E7A4F7556}") = "ZipUploader.Domain.Tests", "tests\ZipUploader.Domain.Tests\ZipUploader.Domain.Tests.csproj", "{75741031-7FDA-4495-94D9-6DA134A2A400}"
EndProject
Project("{9A19103F-16F7-4668-BE54-9A1E7A4F7556}") = "ZipUploader.Contracts", "src\ZipUploader.Contracts\ZipUploader.Contracts.csproj", "{B63AE27E-33F9-4D9F-875E-C0AEAFA49965}"
EndProject
Project("{9A19103F-16F7-4668-BE54-9A1E7A4F7556}") = "ZipUploader.Common", "src\ZipUploader.Common\ZipUploader.Common.csproj", "{869D9B9D-610A-42B9-A0CC-EEBB3D326B15}"
EndProject
Project("{9A19103F-16F7-4668-BE54-9A1E7A4F7556}") = "ZipUploader.Common.Web", "src\ZipUploader.Common.Web\ZipUploader.Common.Web.csproj", "{7892FD29-2CCF-4B86-8FFF-47ADDACDE67D}"
EndProject
Global
	GlobalSection(SolutionConfigurationPlatforms) = preSolution
		Debug|Any CPU = Debug|Any CPU
		Release|Any CPU = Release|Any CPU
	EndGlobalSection
	GlobalSection(ProjectConfigurationPlatforms) = postSolution
		{CE4ED040-BAD7-4EE7-A6D3-D092C23D0F64}.Debug|Any CPU.ActiveCfg = Debug|Any CPU
		{CE4ED040-BAD7-4EE7-A6D3-D092C23D0F64}.Debug|Any CPU.Build.0 = Debug|Any CPU
		{CE4ED040-BAD7-4EE7-A6D3-D092C23D0F64}.Release|Any CPU.ActiveCfg = Release|Any CPU
		{CE4ED040-BAD7-4EE7-A6D3-D092C23D0F64}.Release|Any CPU.Build.0 = Release|Any CPU
		{F4DF6528-4E43-4A00-A2DD-C65A119CEFD7}.Debug|Any CPU.ActiveCfg = Debug|Any CPU
		{F4DF6528-4E43-4A00-A2DD-C65A119CEFD7}.Debug|Any CPU.Build.0 = Debug|Any CPU
		{F4DF6528-4E43-4A00-A2DD-C65A119CEFD7}.Release|Any CPU.ActiveCfg = Release|Any CPU
		{F4DF6528-4E43-4A00-A2DD-C65A119CEFD7}.Release|Any CPU.Build.0 = Release|Any CPU
		{F9F247BD-1A02-4E9C-AEEF-F2FD55835274}.Debug|Any CPU.ActiveCfg = Debug|Any CPU
		{F9F247BD-1A02-4E9C-AEEF-F2FD55835274}.Debug|Any CPU.Build.0 = Debug|Any CPU
		{F9F247BD-1A02-4E9C-AEEF-F2FD55835274}.Release|Any CPU.ActiveCfg = Release|Any CPU
		{F9F247BD-1A02-4E9C-AEEF-F2FD55835274}.Release|Any CPU.Build.0 = Release|Any CPU
		{0B6E8AA5-B25F-4219-87C5-2D5F3E5B8A53}.Debug|Any CPU.ActiveCfg = Debug|Any CPU
		{0B6E8AA5-B25F-4219-87C5-2D5F3E5B8A53}.Debug|Any CPU.Build.0 = Debug|Any CPU
		{0B6E8AA5-B25F-4219-87C5-2D5F3E5B8A53}.Release|Any CPU.ActiveCfg = Release|Any CPU
		{0B6E8AA5-B25F-4219-87C5-2D5F3E5B8A53}.Release|Any CPU.Build.0 = Release|Any CPU
		{75741031-7FDA-4495-94D9-6DA134A2A400}.Debug|Any CPU.ActiveCfg = Debug|Any CPU
		{75741031-7FDA-4495-94D9-6DA134A2A400}.Debug|Any CPU.Build.0 = Debug|Any CPU
		{75741031-7FDA-4495-94D9-6DA134A2A400}.Release|Any CPU.ActiveCfg = Release|Any CPU
		{75741031-7FDA-4495-94D9-6DA134A2A400}.Release|Any CPU.Build.0 = Release|Any CPU
		{B63AE27E-33F9-4D9F-875E-C0AEAFA49965}.Debug|Any CPU.ActiveCfg = Debug|Any CPU
		{B63AE27E-33F9-4D9F-875E-C0AEAFA49965}.Debug|Any CPU.Build.0 = Debug|Any CPU
		{B63AE27E-33F9-4D9F-875E-C0AEAFA49965}.Release|Any CPU.ActiveCfg = Release|Any CPU
		{B63AE27E-33F9-4D9F-875E-C0AEAFA49965}.Release|Any CPU.Build.0 = Release|Any CPU
		{869D9B9D-610A-42B9-A0CC-EEBB3D326B15}.Debug|Any CPU.ActiveCfg = Debug|Any CPU
		{869D9B9D-610A-42B9-A0CC-EEBB3D326B15}.Debug|Any CPU.Build.0 = Debug|Any CPU
		{869D9B9D-610A-42B9-A0CC-EEBB3D326B15}.Release|Any CPU.ActiveCfg = Release|Any CPU
		{869D9B9D-610A-42B9-A0CC-EEBB3D326B15}.Release|Any CPU.Build.0 = Release|Any CPU
		{7892FD29-2CCF-4B86-8FFF-47ADDACDE67D}.Debug|Any CPU.ActiveCfg = Debug|Any CPU
		{7892FD29-2CCF-4B86-8FFF-47ADDACDE67D}.Debug|Any CPU.Build.0 = Debug|Any CPU
		{7892FD29-2CCF-4B86-8FFF-47ADDACDE67D}.Release|Any CPU.ActiveCfg = Release|Any CPU
		{7892FD29-2CCF-4B86-8FFF-47ADDACDE67D}.Release|Any CPU.Build.0 = Release|Any CPU
	EndGlobalSection
	GlobalSection(SolutionProperties) = preSolution
		HideSolutionNode = FALSE
	EndGlobalSection
	GlobalSection(NestedProjects) = preSolution
		{0B6E8AA5-B25F-4219-87C5-2D5F3E5B8A53} = {4C7935AB-311B-4A5F-8D02-ED23863EFE23}
		{75741031-7FDA-4495-94D9-6DA134A2A400} = {4C7935AB-311B-4A5F-8D02-ED23863EFE23}
	EndGlobalSection
	GlobalSection(ExtensibilityGlobals) = postSolution
		SolutionGuid = {58520F52-A27E-4683-B6D3-8C5B1DBDF4DD}
	EndGlobalSection
EndGlobal
